
Microsoft Visual Studio Solution File, Format Version 12.00
# Visual Studio Version 17
VisualStudioVersion = 17.0.31903.59
MinimumVisualStudioVersion = 10.0.40219.1
Project("{FAE04EC0-301F-11D3-BF4B-00C04F79EFBC}") = "RestaurantManagement.Api", "RestaurantManagement.Api\RestaurantManagement.Api.csproj", "{360DA2F1-E1E1-4A37-968F-C7D66284D696}"
EndProject
Project("{FAE04EC0-301F-11D3-BF4B-00C04F79EFBC}") = "RestaurantManagement.Application", "RestaurantManagement.Application\RestaurantManagement.Application.csproj", "{935587D0-E52E-4338-A5FA-C95069AC3E9C}"
EndProject
Project("{FAE04EC0-301F-11D3-BF4B-00C04F79EFBC}") = "RestaurantManagement.Domain", "RestaurantManagement.Domain\RestaurantManagement.Domain.csproj", "{910B8025-9EB5-4FF9-9AEE-604EB206BFBA}"
EndProject
Project("{FAE04EC0-301F-11D3-BF4B-00C04F79EFBC}") = "RestaurantManagement.Infrastructure", "RestaurantManagement.Infrastructure\RestaurantManagement.Infrastructure.csproj", "{B4412AA3-B7AE-42E1-8FA0-462C8378FB6B}"
EndProject
Global
	GlobalSection(SolutionConfigurationPlatforms) = preSolution
		Debug|Any CPU = Debug|Any CPU
		Debug|x64 = Debug|x64
		Debug|x86 = Debug|x86
		Release|Any CPU = Release|Any CPU
		Release|x64 = Release|x64
		Release|x86 = Release|x86
	EndGlobalSection
	GlobalSection(ProjectConfigurationPlatforms) = postSolution
		{360DA2F1-E1E1-4A37-968F-C7D66284D696}.Debug|Any CPU.ActiveCfg = Debug|Any CPU
		{360DA2F1-E1E1-4A37-968F-C7D66284D696}.Debug|Any CPU.Build.0 = Debug|Any CPU
		{360DA2F1-E1E1-4A37-968F-C7D66284D696}.Debug|x64.ActiveCfg = Debug|Any CPU
		{360DA2F1-E1E1-4A37-968F-C7D66284D696}.Debug|x64.Build.0 = Debug|Any CPU
		{360DA2F1-E1E1-4A37-968F-C7D66284D696}.Debug|x86.ActiveCfg = Debug|Any CPU
		{360DA2F1-E1E1-4A37-968F-C7D66284D696}.Debug|x86.Build.0 = Debug|Any CPU
		{360DA2F1-E1E1-4A37-968F-C7D66284D696}.Release|Any CPU.ActiveCfg = Release|Any CPU
		{360DA2F1-E1E1-4A37-968F-C7D66284D696}.Release|Any CPU.Build.0 = Release|Any CPU
		{360DA2F1-E1E1-4A37-968F-C7D66284D696}.Release|x64.ActiveCfg = Release|Any CPU
		{360DA2F1-E1E1-4A37-968F-C7D66284D696}.Release|x64.Build.0 = Release|Any CPU
		{360DA2F1-E1E1-4A37-968F-C7D66284D696}.Release|x86.ActiveCfg = Release|Any CPU
		{360DA2F1-E1E1-4A37-968F-C7D66284D696}.Release|x86.Build.0 = Release|Any CPU
		{935587D0-E52E-4338-A5FA-C95069AC3E9C}.Debug|Any CPU.ActiveCfg = Debug|Any CPU
		{935587D0-E52E-4338-A5FA-C95069AC3E9C}.Debug|Any CPU.Build.0 = Debug|Any CPU
		{935587D0-E52E-4338-A5FA-C95069AC3E9C}.Debug|x64.ActiveCfg = Debug|Any CPU
		{935587D0-E52E-4338-A5FA-C95069AC3E9C}.Debug|x64.Build.0 = Debug|Any CPU
		{935587D0-E52E-4338-A5FA-C95069AC3E9C}.Debug|x86.ActiveCfg = Debug|Any CPU
		{935587D0-E52E-4338-A5FA-C95069AC3E9C}.Debug|x86.Build.0 = Debug|Any CPU
		{935587D0-E52E-4338-A5FA-C95069AC3E9C}.Release|Any CPU.ActiveCfg = Release|Any CPU
		{935587D0-E52E-4338-A5FA-C95069AC3E9C}.Release|Any CPU.Build.0 = Release|Any CPU
		{935587D0-E52E-4338-A5FA-C95069AC3E9C}.Release|x64.ActiveCfg = Release|Any CPU
		{935587D0-E52E-4338-A5FA-C95069AC3E9C}.Release|x64.Build.0 = Release|Any CPU
		{935587D0-E52E-4338-A5FA-C95069AC3E9C}.Release|x86.ActiveCfg = Release|Any CPU
		{935587D0-E52E-4338-A5FA-C95069AC3E9C}.Release|x86.Build.0 = Release|Any CPU
		{910B8025-9EB5-4FF9-9AEE-604EB206BFBA}.Debug|Any CPU.ActiveCfg = Debug|Any CPU
		{910B8025-9EB5-4FF9-9AEE-604EB206BFBA}.Debug|Any CPU.Build.0 = Debug|Any CPU
		{910B8025-9EB5-4FF9-9AEE-604EB206BFBA}.Debug|x64.ActiveCfg = Debug|Any CPU
		{910B8025-9EB5-4FF9-9AEE-604EB206BFBA}.Debug|x64.Build.0 = Debug|Any CPU
		{910B8025-9EB5-4FF9-9AEE-604EB206BFBA}.Debug|x86.ActiveCfg = Debug|Any CPU
		{910B8025-9EB5-4FF9-9AEE-604EB206BFBA}.Debug|x86.Build.0 = Debug|Any CPU
		{910B8025-9EB5-4FF9-9AEE-604EB206BFBA}.Release|Any CPU.ActiveCfg = Release|Any CPU
		{910B8025-9EB5-4FF9-9AEE-604EB206BFBA}.Release|Any CPU.Build.0 = Release|Any CPU
		{910B8025-9EB5-4FF9-9AEE-604EB206BFBA}.Release|x64.ActiveCfg = Release|Any CPU
		{910B8025-9EB5-4FF9-9AEE-604EB206BFBA}.Release|x64.Build.0 = Release|Any CPU
		{910B8025-9EB5-4FF9-9AEE-604EB206BFBA}.Release|x86.ActiveCfg = Release|Any CPU
		{910B8025-9EB5-4FF9-9AEE-604EB206BFBA}.Release|x86.Build.0 = Release|Any CPU
		{B4412AA3-B7AE-42E1-8FA0-462C8378FB6B}.Debug|Any CPU.ActiveCfg = Debug|Any CPU
		{B4412AA3-B7AE-42E1-8FA0-462C8378FB6B}.Debug|Any CPU.Build.0 = Debug|Any CPU
		{B4412AA3-B7AE-42E1-8FA0-462C8378FB6B}.Debug|x64.ActiveCfg = Debug|Any CPU
		{B4412AA3-B7AE-42E1-8FA0-462C8378FB6B}.Debug|x64.Build.0 = Debug|Any CPU
		{B4412AA3-B7AE-42E1-8FA0-462C8378FB6B}.Debug|x86.ActiveCfg = Debug|Any CPU
		{B4412AA3-B7AE-42E1-8FA0-462C8378FB6B}.Debug|x86.Build.0 = Debug|Any CPU
		{B4412AA3-B7AE-42E1-8FA0-462C8378FB6B}.Release|Any CPU.ActiveCfg = Release|Any CPU
		{B4412AA3-B7AE-42E1-8FA0-462C8378FB6B}.Release|Any CPU.Build.0 = Release|Any CPU
		{B4412AA3-B7AE-42E1-8FA0-462C8378FB6B}.Release|x64.ActiveCfg = Release|Any CPU
		{B4412AA3-B7AE-42E1-8FA0-462C8378FB6B}.Release|x64.Build.0 = Release|Any CPU
		{B4412AA3-B7AE-42E1-8FA0-462C8378FB6B}.Release|x86.ActiveCfg = Release|Any CPU
		{B4412AA3-B7AE-42E1-8FA0-462C8378FB6B}.Release|x86.Build.0 = Release|Any CPU
	EndGlobalSection
	GlobalSection(SolutionProperties) = preSolution
		HideSolutionNode = FALSE
	EndGlobalSection
EndGlobal
